// !$*UTF8*$!
{
	archiveVersion = 1;
	classes = {
	};
	objectVersion = 56;
	objects = {

/* Begin PBXBuildFile section */
		199F98AE2A54109100E2538B /* MyFriendsApp.swift in Sources */ = {isa = PBXBuildFile; fileRef = 199F98AD2A54109100E2538B /* MyFriendsApp.swift */; };
		199F98B02A54109100E2538B /* ContentView.swift in Sources */ = {isa = PBXBuildFile; fileRef = 199F98AF2A54109100E2538B /* ContentView.swift */; };
		199F98B22A54109300E2538B /* Assets.xcassets in Resources */ = {isa = PBXBuildFile; fileRef = 199F98B12A54109300E2538B /* Assets.xcassets */; };
		199F98B52A54109300E2538B /* Preview Assets.xcassets in Resources */ = {isa = PBXBuildFile; fileRef = 199F98B42A54109300E2538B /* Preview Assets.xcassets */; };
		199F98BD2A5411AD00E2538B /* ContactsDataModel.xcdatamodeld in Sources */ = {isa = PBXBuildFile; fileRef = 199F98BB2A5411AD00E2538B /* ContactsDataModel.xcdatamodeld */; };
		199F98BF2A54152D00E2538B /* Contact.swift in Sources */ = {isa = PBXBuildFile; fileRef = 199F98BE2A54152D00E2538B /* Contact.swift */; };
		199F98C32A541B0300E2538B /* ContactProvider.swift in Sources */ = {isa = PBXBuildFile; fileRef = 199F98C22A541B0300E2538B /* ContactProvider.swift */; };
		199F98C52A54224700E2538B /* ContactRowView.swift in Sources */ = {isa = PBXBuildFile; fileRef = 199F98C42A54224700E2538B /* ContactRowView.swift */; };
		199F98C72A54235700E2538B /* ContactDetailView.swift in Sources */ = {isa = PBXBuildFile; fileRef = 199F98C62A54235700E2538B /* ContactDetailView.swift */; };
		199F98C92A54AD9F00E2538B /* CreateContactView.swift in Sources */ = {isa = PBXBuildFile; fileRef = 199F98C82A54AD9F00E2538B /* CreateContactView.swift */; };
		199F98CC2A561B7600E2538B /* EditContactViewModel.swift in Sources */ = {isa = PBXBuildFile; fileRef = 199F98CB2A561B7600E2538B /* EditContactViewModel.swift */; };
/* End PBXBuildFile section */

/* Begin PBXFileReference section */
		199F98AA2A54109100E2538B /* MyFriends.app */ = {isa = PBXFileReference; explicitFileType = wrapper.application; includeInIndex = 0; path = MyFriends.app; sourceTree = BUILT_PRODUCTS_DIR; };
		199F98AD2A54109100E2538B /* MyFriendsApp.swift */ = {isa = PBXFileReference; lastKnownFileType = sourcecode.swift; path = MyFriendsApp.swift; sourceTree = "<group>"; };
		199F98AF2A54109100E2538B /* ContentView.swift */ = {isa = PBXFileReference; lastKnownFileType = sourcecode.swift; path = ContentView.swift; sourceTree = "<group>"; };
		199F98B12A54109300E2538B /* Assets.xcassets */ = {isa = PBXFileReference; lastKnownFileType = folder.assetcatalog; path = Assets.xcassets; sourceTree = "<group>"; };
		199F98B42A54109300E2538B /* Preview Assets.xcassets */ = {isa = PBXFileReference; lastKnownFileType = folder.assetcatalog; path = "Preview Assets.xcassets"; sourceTree = "<group>"; };
		199F98BC2A5411AD00E2538B /* ContactsDataModel.xcdatamodel */ = {isa = PBXFileReference; lastKnownFileType = wrapper.xcdatamodel; path = ContactsDataModel.xcdatamodel; sourceTree = "<group>"; };
		199F98BE2A54152D00E2538B /* Contact.swift */ = {isa = PBXFileReference; lastKnownFileType = sourcecode.swift; path = Contact.swift; sourceTree = "<group>"; };
		199F98C22A541B0300E2538B /* ContactProvider.swift */ = {isa = PBXFileReference; lastKnownFileType = sourcecode.swift; path = ContactProvider.swift; sourceTree = "<group>"; };
		199F98C42A54224700E2538B /* ContactRowView.swift */ = {isa = PBXFileReference; lastKnownFileType = sourcecode.swift; path = ContactRowView.swift; sourceTree = "<group>"; };
		199F98C62A54235700E2538B /* ContactDetailView.swift */ = {isa = PBXFileReference; lastKnownFileType = sourcecode.swift; path = ContactDetailView.swift; sourceTree = "<group>"; };
		199F98C82A54AD9F00E2538B /* CreateContactView.swift */ = {isa = PBXFileReference; lastKnownFileType = sourcecode.swift; path = CreateContactView.swift; sourceTree = "<group>"; };
		199F98CB2A561B7600E2538B /* EditContactViewModel.swift */ = {isa = PBXFileReference; lastKnownFileType = sourcecode.swift; path = EditContactViewModel.swift; sourceTree = "<group>"; };
/* End PBXFileReference section */

/* Begin PBXFrameworksBuildPhase section */
		199F98A72A54109100E2538B /* Frameworks */ = {
			isa = PBXFrameworksBuildPhase;
			buildActionMask = 2147483647;
			files = (
			);
			runOnlyForDeploymentPostprocessing = 0;
		};
/* End PBXFrameworksBuildPhase section */

/* Begin PBXGroup section */
		199F98A12A54109100E2538B = {
			isa = PBXGroup;
			children = (
				199F98BB2A5411AD00E2538B /* ContactsDataModel.xcdatamodeld */,
				199F98AC2A54109100E2538B /* MyFriends */,
				199F98AB2A54109100E2538B /* Products */,
			);
			sourceTree = "<group>";
		};
		199F98AB2A54109100E2538B /* Products */ = {
			isa = PBXGroup;
			children = (
				199F98AA2A54109100E2538B /* MyFriends.app */,
			);
			name = Products;
			sourceTree = "<group>";
		};
		199F98AC2A54109100E2538B /* MyFriends */ = {
			isa = PBXGroup;
			children = (
				199F98CA2A561B3200E2538B /* Create */,
				199F98C12A541AD900E2538B /* Provider */,
				199F98C02A5415A700E2538B /* Model */,
				199F98AD2A54109100E2538B /* MyFriendsApp.swift */,
				199F98AF2A54109100E2538B /* ContentView.swift */,
				199F98C62A54235700E2538B /* ContactDetailView.swift */,
				199F98C42A54224700E2538B /* ContactRowView.swift */,
				199F98B12A54109300E2538B /* Assets.xcassets */,
				199F98B32A54109300E2538B /* Preview Content */,
			);
			path = MyFriends;
			sourceTree = "<group>";
		};
		199F98B32A54109300E2538B /* Preview Content */ = {
			isa = PBXGroup;
			children = (
				199F98B42A54109300E2538B /* Preview Assets.xcassets */,
			);
			path = "Preview Content";
			sourceTree = "<group>";
		};
		199F98C02A5415A700E2538B /* Model */ = {
			isa = PBXGroup;
			children = (
				199F98BE2A54152D00E2538B /* Contact.swift */,
			);
			path = Model;
			sourceTree = "<group>";
		};
		199F98C12A541AD900E2538B /* Provider */ = {
			isa = PBXGroup;
			children = (
				199F98C22A541B0300E2538B /* ContactProvider.swift */,
			);
			path = Provider;
			sourceTree = "<group>";
		};
		199F98CA2A561B3200E2538B /* Create */ = {
			isa = PBXGroup;
			children = (
				199F98C82A54AD9F00E2538B /* CreateContactView.swift */,
				199F98CB2A561B7600E2538B /* EditContactViewModel.swift */,
			);
			path = Create;
			sourceTree = "<group>";
		};
/* End PBXGroup section */

/* Begin PBXNativeTarget section */
		199F98A92A54109100E2538B /* MyFriends */ = {
			isa = PBXNativeTarget;
			buildConfigurationList = 199F98B82A54109300E2538B /* Build configuration list for PBXNativeTarget "MyFriends" */;
			buildPhases = (
				199F98A62A54109100E2538B /* Sources */,
				199F98A72A54109100E2538B /* Frameworks */,
				199F98A82A54109100E2538B /* Resources */,
			);
			buildRules = (
			);
			dependencies = (
			);
			name = MyFriends;
			productName = MyFriends;
			productReference = 199F98AA2A54109100E2538B /* MyFriends.app */;
			productType = "com.apple.product-type.application";
		};
/* End PBXNativeTarget section */

/* Begin PBXProject section */
		199F98A22A54109100E2538B /* Project object */ = {
			isa = PBXProject;
			attributes = {
				BuildIndependentTargetsInParallel = 1;
				LastSwiftUpdateCheck = 1430;
				LastUpgradeCheck = 1430;
				TargetAttributes = {
					199F98A92A54109100E2538B = {
						CreatedOnToolsVersion = 14.3;
					};
				};
			};
			buildConfigurationList = 199F98A52A54109100E2538B /* Build configuration list for PBXProject "MyFriends" */;
			compatibilityVersion = "Xcode 14.0";
			developmentRegion = en;
			hasScannedForEncodings = 0;
			knownRegions = (
				en,
				Base,
			);
			mainGroup = 199F98A12A54109100E2538B;
			productRefGroup = 199F98AB2A54109100E2538B /* Products */;
			projectDirPath = "";
			projectRoot = "";
			targets = (
				199F98A92A54109100E2538B /* MyFriends */,
			);
		};
/* End PBXProject section */

/* Begin PBXResourcesBuildPhase section */
		199F98A82A54109100E2538B /* Resources */ = {
			isa = PBXResourcesBuildPhase;
			buildActionMask = 2147483647;
			files = (
				199F98B52A54109300E2538B /* Preview Assets.xcassets in Resources */,
				199F98B22A54109300E2538B /* Assets.xcassets in Resources */,
			);
			runOnlyForDeploymentPostprocessing = 0;
		};
/* End PBXResourcesBuildPhase section */

/* Begin PBXSourcesBuildPhase section */
		199F98A62A54109100E2538B /* Sources */ = {
			isa = PBXSourcesBuildPhase;
			buildActionMask = 2147483647;
			files = (
				199F98BF2A54152D00E2538B /* Contact.swift in Sources */,
				199F98C32A541B0300E2538B /* ContactProvider.swift in Sources */,
				199F98C72A54235700E2538B /* ContactDetailView.swift in Sources */,
				199F98CC2A561B7600E2538B /* EditContactViewModel.swift in Sources */,
				199F98BD2A5411AD00E2538B /* ContactsDataModel.xcdatamodeld in Sources */,
				199F98B02A54109100E2538B /* ContentView.swift in Sources */,
				199F98C92A54AD9F00E2538B /* CreateContactView.swift in Sources */,
				199F98C52A54224700E2538B /* ContactRowView.swift in Sources */,
				199F98AE2A54109100E2538B /* MyFriendsApp.swift in Sources */,
			);
			runOnlyForDeploymentPostprocessing = 0;
		};
/* End PBXSourcesBuildPhase section */

/* Begin XCBuildConfiguration section */
		199F98B62A54109300E2538B /* Debug */ = {
			isa = XCBuildConfiguration;
			buildSettings = {
				ALWAYS_SEARCH_USER_PATHS = NO;
				CLANG_ANALYZER_NONNULL = YES;
				CLANG_ANALYZER_NUMBER_OBJECT_CONVERSION = YES_AGGRESSIVE;
				CLANG_CXX_LANGUAGE_STANDARD = "gnu++20";
				CLANG_ENABLE_MODULES = YES;
				CLANG_ENABLE_OBJC_ARC = YES;
				CLANG_ENABLE_OBJC_WEAK = YES;
				CLANG_WARN_BLOCK_CAPTURE_AUTORELEASING = YES;
				CLANG_WARN_BOOL_CONVERSION = YES;
				CLANG_WARN_COMMA = YES;
				CLANG_WARN_CONSTANT_CONVERSION = YES;
				CLANG_WARN_DEPRECATED_OBJC_IMPLEMENTATIONS = YES;
				CLANG_WARN_DIRECT_OBJC_ISA_USAGE = YES_ERROR;
				CLANG_WARN_DOCUMENTATION_COMMENTS = YES;
				CLANG_WARN_EMPTY_BODY = YES;
				CLANG_WARN_ENUM_CONVERSION = YES;
				CLANG_WARN_INFINITE_RECURSION = YES;
				CLANG_WARN_INT_CONVERSION = YES;
				CLANG_WARN_NON_LITERAL_NULL_CONVERSION = YES;
				CLANG_WARN_OBJC_IMPLICIT_RETAIN_SELF = YES;
				CLANG_WARN_OBJC_LITERAL_CONVERSION = YES;
				CLANG_WARN_OBJC_ROOT_CLASS = YES_ERROR;
				CLANG_WARN_QUOTED_INCLUDE_IN_FRAMEWORK_HEADER = YES;
				CLANG_WARN_RANGE_LOOP_ANALYSIS = YES;
				CLANG_WARN_STRICT_PROTOTYPES = YES;
				CLANG_WARN_SUSPICIOUS_MOVE = YES;
				CLANG_WARN_UNGUARDED_AVAILABILITY = YES_AGGRESSIVE;
				CLANG_WARN_UNREACHABLE_CODE = YES;
				CLANG_WARN__DUPLICATE_METHOD_MATCH = YES;
				COPY_PHASE_STRIP = NO;
				DEBUG_INFORMATION_FORMAT = dwarf;
				ENABLE_STRICT_OBJC_MSGSEND = YES;
				ENABLE_TESTABILITY = YES;
				GCC_C_LANGUAGE_STANDARD = gnu11;
				GCC_DYNAMIC_NO_PIC = NO;
				GCC_NO_COMMON_BLOCKS = YES;
				GCC_OPTIMIZATION_LEVEL = 0;
				GCC_PREPROCESSOR_DEFINITIONS = (
					"DEBUG=1",
					"$(inherited)",
				);
				GCC_WARN_64_TO_32_BIT_CONVERSION = YES;
				GCC_WARN_ABOUT_RETURN_TYPE = YES_ERROR;
				GCC_WARN_UNDECLARED_SELECTOR = YES;
				GCC_WARN_UNINITIALIZED_AUTOS = YES_AGGRESSIVE;
				GCC_WARN_UNUSED_FUNCTION = YES;
				GCC_WARN_UNUSED_VARIABLE = YES;
				IPHONEOS_DEPLOYMENT_TARGET = 16.4;
				MTL_ENABLE_DEBUG_INFO = INCLUDE_SOURCE;
				MTL_FAST_MATH = YES;
				ONLY_ACTIVE_ARCH = YES;
				SDKROOT = iphoneos;
				SWIFT_ACTIVE_COMPILATION_CONDITIONS = DEBUG;
				SWIFT_OPTIMIZATION_LEVEL = "-Onone";
			};
			name = Debug;
		};
		199F98B72A54109300E2538B /* Release */ = {
			isa = XCBuildConfiguration;
			buildSettings = {
				ALWAYS_SEARCH_USER_PATHS = NO;
				CLANG_ANALYZER_NONNULL = YES;
				CLANG_ANALYZER_NUMBER_OBJECT_CONVERSION = YES_AGGRESSIVE;
				CLANG_CXX_LANGUAGE_STANDARD = "gnu++20";
				CLANG_ENABLE_MODULES = YES;
				CLANG_ENABLE_OBJC_ARC = YES;
				CLANG_ENABLE_OBJC_WEAK = YES;
				CLANG_WARN_BLOCK_CAPTURE_AUTORELEASING = YES;
				CLANG_WARN_BOOL_CONVERSION = YES;
				CLANG_WARN_COMMA = YES;
				CLANG_WARN_CONSTANT_CONVERSION = YES;
				CLANG_WARN_DEPRECATED_OBJC_IMPLEMENTATIONS = YES;
				CLANG_WARN_DIRECT_OBJC_ISA_USAGE = YES_ERROR;
				CLANG_WARN_DOCUMENTATION_COMMENTS = YES;
				CLANG_WARN_EMPTY_BODY = YES;
				CLANG_WARN_ENUM_CONVERSION = YES;
				CLANG_WARN_INFINITE_RECURSION = YES;
				CLANG_WARN_INT_CONVERSION = YES;
				CLANG_WARN_NON_LITERAL_NULL_CONVERSION = YES;
				CLANG_WARN_OBJC_IMPLICIT_RETAIN_SELF = YES;
				CLANG_WARN_OBJC_LITERAL_CONVERSION = YES;
				CLANG_WARN_OBJC_ROOT_CLASS = YES_ERROR;
				CLANG_WARN_QUOTED_INCLUDE_IN_FRAMEWORK_HEADER = YES;
				CLANG_WARN_RANGE_LOOP_ANALYSIS = YES;
				CLANG_WARN_STRICT_PROTOTYPES = YES;
				CLANG_WARN_SUSPICIOUS_MOVE = YES;
				CLANG_WARN_UNGUARDED_AVAILABILITY = YES_AGGRESSIVE;
				CLANG_WARN_UNREACHABLE_CODE = YES;
				CLANG_WARN__DUPLICATE_METHOD_MATCH = YES;
				COPY_PHASE_STRIP = NO;
				DEBUG_INFORMATION_FORMAT = "dwarf-with-dsym";
				ENABLE_NS_ASSERTIONS = NO;
				ENABLE_STRICT_OBJC_MSGSEND = YES;
				GCC_C_LANGUAGE_STANDARD = gnu11;
				GCC_NO_COMMON_BLOCKS = YES;
				GCC_WARN_64_TO_32_BIT_CONVERSION = YES;
				GCC_WARN_ABOUT_RETURN_TYPE = YES_ERROR;
				GCC_WARN_UNDECLARED_SELECTOR = YES;
				GCC_WARN_UNINITIALIZED_AUTOS = YES_AGGRESSIVE;
				GCC_WARN_UNUSED_FUNCTION = YES;
				GCC_WARN_UNUSED_VARIABLE = YES;
				IPHONEOS_DEPLOYMENT_TARGET = 16.4;
				MTL_ENABLE_DEBUG_INFO = NO;
				MTL_FAST_MATH = YES;
				SDKROOT = iphoneos;
				SWIFT_COMPILATION_MODE = wholemodule;
				SWIFT_OPTIMIZATION_LEVEL = "-O";
				VALIDATE_PRODUCT = YES;
			};
			name = Release;
		};
		199F98B92A54109300E2538B /* Debug */ = {
			isa = XCBuildConfiguration;
			buildSettings = {
				ASSETCATALOG_COMPILER_APPICON_NAME = AppIcon;
				ASSETCATALOG_COMPILER_GLOBAL_ACCENT_COLOR_NAME = AccentColor;
				CODE_SIGN_STYLE = Automatic;
				CURRENT_PROJECT_VERSION = 1;
				DEVELOPMENT_ASSET_PATHS = "\"MyFriends/Preview Content\"";
				DEVELOPMENT_TEAM = TDZ4N8TP7G;
				ENABLE_PREVIEWS = YES;
				GENERATE_INFOPLIST_FILE = YES;
				INFOPLIST_KEY_UIApplicationSceneManifest_Generation = YES;
				INFOPLIST_KEY_UIApplicationSupportsIndirectInputEvents = YES;
				INFOPLIST_KEY_UILaunchScreen_Generation = YES;
				INFOPLIST_KEY_UISupportedInterfaceOrientations_iPad = "UIInterfaceOrientationPortrait UIInterfaceOrientationPortraitUpsideDown UIInterfaceOrientationLandscapeLeft UIInterfaceOrientationLandscapeRight";
				INFOPLIST_KEY_UISupportedInterfaceOrientations_iPhone = "UIInterfaceOrientationPortrait UIInterfaceOrientationLandscapeLeft UIInterfaceOrientationLandscapeRight";
				LD_RUNPATH_SEARCH_PATHS = (
					"$(inherited)",
					"@executable_path/Frameworks",
				);
				MARKETING_VERSION = 1.0;
				PRODUCT_BUNDLE_IDENTIFIER = com.omnivrr.MyFriends;
				PRODUCT_NAME = "$(TARGET_NAME)";
				SWIFT_EMIT_LOC_STRINGS = YES;
				SWIFT_VERSION = 5.0;
				TARGETED_DEVICE_FAMILY = "1,2";
			};
			name = Debug;
		};
		199F98BA2A54109300E2538B /* Release */ = {
			isa = XCBuildConfiguration;
			buildSettings = {
				ASSETCATALOG_COMPILER_APPICON_NAME = AppIcon;
				ASSETCATALOG_COMPILER_GLOBAL_ACCENT_COLOR_NAME = AccentColor;
				CODE_SIGN_STYLE = Automatic;
				CURRENT_PROJECT_VERSION = 1;
				DEVELOPMENT_ASSET_PATHS = "\"MyFriends/Preview Content\"";
				DEVELOPMENT_TEAM = TDZ4N8TP7G;
				ENABLE_PREVIEWS = YES;
				GENERATE_INFOPLIST_FILE = YES;
				INFOPLIST_KEY_UIApplicationSceneManifest_Generation = YES;
				INFOPLIST_KEY_UIApplicationSupportsIndirectInputEvents = YES;
				INFOPLIST_KEY_UILaunchScreen_Generation = YES;
				INFOPLIST_KEY_UISupportedInterfaceOrientations_iPad = "UIInterfaceOrientationPortrait UIInterfaceOrientationPortraitUpsideDown UIInterfaceOrientationLandscapeLeft UIInterfaceOrientationLandscapeRight";
				INFOPLIST_KEY_UISupportedInterfaceOrientations_iPhone = "UIInterfaceOrientationPortrait UIInterfaceOrientationLandscapeLeft UIInterfaceOrientationLandscapeRight";
				LD_RUNPATH_SEARCH_PATHS = (
					"$(inherited)",
					"@executable_path/Frameworks",
				);
				MARKETING_VERSION = 1.0;
				PRODUCT_BUNDLE_IDENTIFIER = com.omnivrr.MyFriends;
				PRODUCT_NAME = "$(TARGET_NAME)";
				SWIFT_EMIT_LOC_STRINGS = YES;
				SWIFT_VERSION = 5.0;
				TARGETED_DEVICE_FAMILY = "1,2";
			};
			name = Release;
		};
/* End XCBuildConfiguration section */

/* Begin XCConfigurationList section */
		199F98A52A54109100E2538B /* Build configuration list for PBXProject "MyFriends" */ = {
			isa = XCConfigurationList;
			buildConfigurations = (
				199F98B62A54109300E2538B /* Debug */,
				199F98B72A54109300E2538B /* Release */,
			);
			defaultConfigurationIsVisible = 0;
			defaultConfigurationName = Release;
		};
		199F98B82A54109300E2538B /* Build configuration list for PBXNativeTarget "MyFriends" */ = {
			isa = XCConfigurationList;
			buildConfigurations = (
				199F98B92A54109300E2538B /* Debug */,
				199F98BA2A54109300E2538B /* Release */,
			);
			defaultConfigurationIsVisible = 0;
			defaultConfigurationName = Release;
		};
/* End XCConfigurationList section */

/* Begin XCVersionGroup section */
		199F98BB2A5411AD00E2538B /* ContactsDataModel.xcdatamodeld */ = {
			isa = XCVersionGroup;
			children = (
				199F98BC2A5411AD00E2538B /* ContactsDataModel.xcdatamodel */,
			);
			currentVersion = 199F98BC2A5411AD00E2538B /* ContactsDataModel.xcdatamodel */;
			path = ContactsDataModel.xcdatamodeld;
			sourceTree = "<group>";
			versionGroupType = wrapper.xcdatamodel;
		};
/* End XCVersionGroup section */
	};
	rootObject = 199F98A22A54109100E2538B /* Project object */;
}
